
Microsoft Visual Studio Solution File, Format Version 11.00
# Visual Studio 2010
# SharpDevelop 5.1
Project("{FAE04EC0-301F-11D3-BF4B-00C04F79EFBC}") = "locate_on_GoogleMaps", "locate_on_GoogleMaps.csproj", "{DB712821-D328-4633-AFAE-62E87F2ABD5C}"
EndProject
Global
	GlobalSection(SolutionConfigurationPlatforms) = preSolution
		Debug|Any CPU = Debug|Any CPU
		Release|Any CPU = Release|Any CPU
	EndGlobalSection
	GlobalSection(ProjectConfigurationPlatforms) = postSolution
		{DB712821-D328-4633-AFAE-62E87F2ABD5C}.Debug|Any CPU.ActiveCfg = Debug|Any CPU
		{DB712821-D328-4633-AFAE-62E87F2ABD5C}.Debug|Any CPU.Build.0 = Debug|Any CPU
		{DB712821-D328-4633-AFAE-62E87F2ABD5C}.Release|Any CPU.ActiveCfg = Release|Any CPU
		{DB712821-D328-4633-AFAE-62E87F2ABD5C}.Release|Any CPU.Build.0 = Release|Any CPU
	EndGlobalSection
EndGlobal
